
Microsoft Visual Studio Solution File, Format Version 12.00
# Visual Studio 15
VisualStudioVersion = 15.0.27428.2011
MinimumVisualStudioVersion = 10.0.40219.1
Project("{FAE04EC0-301F-11D3-BF4B-00C04F79EFBC}") = "S308FinalProjectGroup8", "S308FinalProjectGroup8\S308FinalProjectGroup8.csproj", "{6FD145F4-868F-473C-8F2F-BEB3BA24FE68}"
EndProject
Global
	GlobalSection(SolutionConfigurationPlatforms) = preSolution
		Debug|Any CPU = Debug|Any CPU
		Release|Any CPU = Release|Any CPU
	EndGlobalSection
	GlobalSection(ProjectConfigurationPlatforms) = postSolution
		{6FD145F4-868F-473C-8F2F-BEB3BA24FE68}.Debug|Any CPU.ActiveCfg = Debug|Any CPU
		{6FD145F4-868F-473C-8F2F-BEB3BA24FE68}.Debug|Any CPU.Build.0 = Debug|Any CPU
		{6FD145F4-868F-473C-8F2F-BEB3BA24FE68}.Release|Any CPU.ActiveCfg = Release|Any CPU
		{6FD145F4-868F-473C-8F2F-BEB3BA24FE68}.Release|Any CPU.Build.0 = Release|Any CPU
	EndGlobalSection
	GlobalSection(SolutionProperties) = preSolution
		HideSolutionNode = FALSE
	EndGlobalSection
	GlobalSection(ExtensibilityGlobals) = postSolution
		SolutionGuid = {6A94F8A8-8137-4D27-A03C-682A24DD5976}
	EndGlobalSection
EndGlobal
